
Microsoft Visual Studio Solution File, Format Version 12.00
# Visual Studio Version 17
VisualStudioVersion = 17.0.31903.59
MinimumVisualStudioVersion = 10.0.40219.1
Project("{FAE04EC0-301F-11D3-BF4B-00C04F79EFBC}") = "DeleteSelectedRows", "DeleteSelectedRows\DeleteSelectedRows.csproj", "{040F8E5B-9423-44BB-9043-9D1511015358}"
EndProject
Global
	GlobalSection(SolutionConfigurationPlatforms) = preSolution
		Debug|Any CPU = Debug|Any CPU
		Release|Any CPU = Release|Any CPU
	EndGlobalSection
	GlobalSection(ProjectConfigurationPlatforms) = postSolution
		{040F8E5B-9423-44BB-9043-9D1511015358}.Debug|Any CPU.ActiveCfg = Debug|Any CPU
		{040F8E5B-9423-44BB-9043-9D1511015358}.Debug|Any CPU.Build.0 = Debug|Any CPU
		{040F8E5B-9423-44BB-9043-9D1511015358}.Release|Any CPU.ActiveCfg = Release|Any CPU
		{040F8E5B-9423-44BB-9043-9D1511015358}.Release|Any CPU.Build.0 = Release|Any CPU
	EndGlobalSection
	GlobalSection(SolutionProperties) = preSolution
		HideSolutionNode = FALSE
	EndGlobalSection
	GlobalSection(ExtensibilityGlobals) = postSolution
		SolutionGuid = {020A85CD-9869-4BD9-8AD7-1D830B4F1029}
	EndGlobalSection
EndGlobal
